
Microsoft Visual Studio Solution File, Format Version 12.00
# Visual Studio 15
VisualStudioVersion = 15.0.26124.0
MinimumVisualStudioVersion = 15.0.26124.0
Project("{FAE04EC0-301F-11D3-BF4B-00C04F79EFBC}") = "Cricinfo.Api", "Cricinfo.Api\Cricinfo.Api.csproj", "{4C3594AC-3B22-49FF-A0BD-1096A49FF792}"
EndProject
Project("{F2A71F9B-5D33-465A-A702-920D77279786}") = "Cricinfo.Parser", "Cricinfo.Parser\Cricinfo.Parser.fsproj", "{16D1F57F-DF96-4817-BF28-1BEA0620A1C9}"
EndProject
Project("{FAE04EC0-301F-11D3-BF4B-00C04F79EFBC}") = "Cricinfo.Api.Client", "Cricinfo.Api.Client\Cricinfo.Api.Client.csproj", "{DEB36315-9733-45A5-A85C-43F5B45611C4}"
EndProject
Project("{F2A71F9B-5D33-465A-A702-920D77279786}") = "Db.Deploy", "Db.Deploy\Db.Deploy.fsproj", "{2CFE8050-9486-4FCF-8743-831B51CAC6CB}"
EndProject
Project("{FAE04EC0-301F-11D3-BF4B-00C04F79EFBC}") = "Cricinfo.UI", "Cricinfo.UI\Cricinfo.UI.csproj", "{6DCF1083-B8D6-438E-9FE9-C2E232000977}"
EndProject
Project("{FAE04EC0-301F-11D3-BF4B-00C04F79EFBC}") = "Cricinfo.Models", "Cricinfo.Models\Cricinfo.Models.csproj", "{90628016-A72F-45AD-8B04-880A3F740637}"
EndProject
Project("{2150E333-8FDC-42A3-9474-1A3956D46DE8}") = "Tests", "Tests", "{54D5B5DA-0610-4AF6-A6DC-80F251483BC2}"
EndProject
Project("{FAE04EC0-301F-11D3-BF4B-00C04F79EFBC}") = "Cricinfo.Api.Unit.Tests", "Tests\Cricinfo.Api.Unit.Tests\Cricinfo.Api.Unit.Tests.csproj", "{C3F5EB69-7012-4C52-A0C2-9D04F17B15F4}"
EndProject
Project("{FAE04EC0-301F-11D3-BF4B-00C04F79EFBC}") = "Cricinfo.Parser.Unit.Tests", "Tests\Cricinfo.Parser.Unit.Tests\Cricinfo.Parser.Unit.Tests.csproj", "{576E5B72-C9FF-4D0F-924D-A384AC87B04D}"
EndProject
Project("{FAE04EC0-301F-11D3-BF4B-00C04F79EFBC}") = "Cricinfo.UI.Unit.Tests", "Tests\Cricinfo.UI.Unit.Tests\Cricinfo.UI.Unit.Tests.csproj", "{47E7C01D-477B-49AA-AE11-0B28B19F5F14}"
EndProject
Project("{F2A71F9B-5D33-465A-A702-920D77279786}") = "Cricinfo.Services", "Cricinfo.Service\Cricinfo.Services.fsproj", "{A651F963-91BF-4044-A0B9-F254720EEF4D}"
EndProject
Project("{FAE04EC0-301F-11D3-BF4B-00C04F79EFBC}") = "Cricinfo.Integration.Tests", "Tests\Cricinfo.Integration.Tests\Cricinfo.Integration.Tests.csproj", "{ADAE3167-E53F-418E-8157-DEA974E233C9}"
EndProject
Project("{FAE04EC0-301F-11D3-BF4B-00C04F79EFBC}") = "Cricinfo.ConsoleApp", "Cricinfo.ConsoleApp\Cricinfo.ConsoleApp.csproj", "{A8C71960-C11B-4A8A-9FB0-5485EAF2983A}"
EndProject
Global
	GlobalSection(SolutionConfigurationPlatforms) = preSolution
		Debug|Any CPU = Debug|Any CPU
		Debug|x64 = Debug|x64
		Debug|x86 = Debug|x86
		Release|Any CPU = Release|Any CPU
		Release|x64 = Release|x64
		Release|x86 = Release|x86
	EndGlobalSection
	GlobalSection(SolutionProperties) = preSolution
		HideSolutionNode = FALSE
	EndGlobalSection
	GlobalSection(ProjectConfigurationPlatforms) = postSolution
		{4C3594AC-3B22-49FF-A0BD-1096A49FF792}.Debug|Any CPU.ActiveCfg = Debug|Any CPU
		{4C3594AC-3B22-49FF-A0BD-1096A49FF792}.Debug|Any CPU.Build.0 = Debug|Any CPU
		{4C3594AC-3B22-49FF-A0BD-1096A49FF792}.Debug|x64.ActiveCfg = Debug|Any CPU
		{4C3594AC-3B22-49FF-A0BD-1096A49FF792}.Debug|x64.Build.0 = Debug|Any CPU
		{4C3594AC-3B22-49FF-A0BD-1096A49FF792}.Debug|x86.ActiveCfg = Debug|Any CPU
		{4C3594AC-3B22-49FF-A0BD-1096A49FF792}.Debug|x86.Build.0 = Debug|Any CPU
		{4C3594AC-3B22-49FF-A0BD-1096A49FF792}.Release|Any CPU.ActiveCfg = Release|Any CPU
		{4C3594AC-3B22-49FF-A0BD-1096A49FF792}.Release|Any CPU.Build.0 = Release|Any CPU
		{4C3594AC-3B22-49FF-A0BD-1096A49FF792}.Release|x64.ActiveCfg = Release|Any CPU
		{4C3594AC-3B22-49FF-A0BD-1096A49FF792}.Release|x64.Build.0 = Release|Any CPU
		{4C3594AC-3B22-49FF-A0BD-1096A49FF792}.Release|x86.ActiveCfg = Release|Any CPU
		{4C3594AC-3B22-49FF-A0BD-1096A49FF792}.Release|x86.Build.0 = Release|Any CPU
		{16D1F57F-DF96-4817-BF28-1BEA0620A1C9}.Debug|Any CPU.ActiveCfg = Debug|Any CPU
		{16D1F57F-DF96-4817-BF28-1BEA0620A1C9}.Debug|Any CPU.Build.0 = Debug|Any CPU
		{16D1F57F-DF96-4817-BF28-1BEA0620A1C9}.Debug|x64.ActiveCfg = Debug|Any CPU
		{16D1F57F-DF96-4817-BF28-1BEA0620A1C9}.Debug|x64.Build.0 = Debug|Any CPU
		{16D1F57F-DF96-4817-BF28-1BEA0620A1C9}.Debug|x86.ActiveCfg = Debug|Any CPU
		{16D1F57F-DF96-4817-BF28-1BEA0620A1C9}.Debug|x86.Build.0 = Debug|Any CPU
		{16D1F57F-DF96-4817-BF28-1BEA0620A1C9}.Release|Any CPU.ActiveCfg = Release|Any CPU
		{16D1F57F-DF96-4817-BF28-1BEA0620A1C9}.Release|Any CPU.Build.0 = Release|Any CPU
		{16D1F57F-DF96-4817-BF28-1BEA0620A1C9}.Release|x64.ActiveCfg = Release|Any CPU
		{16D1F57F-DF96-4817-BF28-1BEA0620A1C9}.Release|x64.Build.0 = Release|Any CPU
		{16D1F57F-DF96-4817-BF28-1BEA0620A1C9}.Release|x86.ActiveCfg = Release|Any CPU
		{16D1F57F-DF96-4817-BF28-1BEA0620A1C9}.Release|x86.Build.0 = Release|Any CPU
		{DEB36315-9733-45A5-A85C-43F5B45611C4}.Debug|Any CPU.ActiveCfg = Debug|Any CPU
		{DEB36315-9733-45A5-A85C-43F5B45611C4}.Debug|Any CPU.Build.0 = Debug|Any CPU
		{DEB36315-9733-45A5-A85C-43F5B45611C4}.Debug|x64.ActiveCfg = Debug|Any CPU
		{DEB36315-9733-45A5-A85C-43F5B45611C4}.Debug|x64.Build.0 = Debug|Any CPU
		{DEB36315-9733-45A5-A85C-43F5B45611C4}.Debug|x86.ActiveCfg = Debug|Any CPU
		{DEB36315-9733-45A5-A85C-43F5B45611C4}.Debug|x86.Build.0 = Debug|Any CPU
		{DEB36315-9733-45A5-A85C-43F5B45611C4}.Release|Any CPU.ActiveCfg = Release|Any CPU
		{DEB36315-9733-45A5-A85C-43F5B45611C4}.Release|Any CPU.Build.0 = Release|Any CPU
		{DEB36315-9733-45A5-A85C-43F5B45611C4}.Release|x64.ActiveCfg = Release|Any CPU
		{DEB36315-9733-45A5-A85C-43F5B45611C4}.Release|x64.Build.0 = Release|Any CPU
		{DEB36315-9733-45A5-A85C-43F5B45611C4}.Release|x86.ActiveCfg = Release|Any CPU
		{DEB36315-9733-45A5-A85C-43F5B45611C4}.Release|x86.Build.0 = Release|Any CPU
		{2CFE8050-9486-4FCF-8743-831B51CAC6CB}.Debug|Any CPU.ActiveCfg = Debug|Any CPU
		{2CFE8050-9486-4FCF-8743-831B51CAC6CB}.Debug|Any CPU.Build.0 = Debug|Any CPU
		{2CFE8050-9486-4FCF-8743-831B51CAC6CB}.Debug|x64.ActiveCfg = Debug|Any CPU
		{2CFE8050-9486-4FCF-8743-831B51CAC6CB}.Debug|x64.Build.0 = Debug|Any CPU
		{2CFE8050-9486-4FCF-8743-831B51CAC6CB}.Debug|x86.ActiveCfg = Debug|Any CPU
		{2CFE8050-9486-4FCF-8743-831B51CAC6CB}.Debug|x86.Build.0 = Debug|Any CPU
		{2CFE8050-9486-4FCF-8743-831B51CAC6CB}.Release|Any CPU.ActiveCfg = Release|Any CPU
		{2CFE8050-9486-4FCF-8743-831B51CAC6CB}.Release|Any CPU.Build.0 = Release|Any CPU
		{2CFE8050-9486-4FCF-8743-831B51CAC6CB}.Release|x64.ActiveCfg = Release|Any CPU
		{2CFE8050-9486-4FCF-8743-831B51CAC6CB}.Release|x64.Build.0 = Release|Any CPU
		{2CFE8050-9486-4FCF-8743-831B51CAC6CB}.Release|x86.ActiveCfg = Release|Any CPU
		{2CFE8050-9486-4FCF-8743-831B51CAC6CB}.Release|x86.Build.0 = Release|Any CPU
		{6DCF1083-B8D6-438E-9FE9-C2E232000977}.Debug|Any CPU.ActiveCfg = Debug|Any CPU
		{6DCF1083-B8D6-438E-9FE9-C2E232000977}.Debug|Any CPU.Build.0 = Debug|Any CPU
		{6DCF1083-B8D6-438E-9FE9-C2E232000977}.Debug|x64.ActiveCfg = Debug|Any CPU
		{6DCF1083-B8D6-438E-9FE9-C2E232000977}.Debug|x64.Build.0 = Debug|Any CPU
		{6DCF1083-B8D6-438E-9FE9-C2E232000977}.Debug|x86.ActiveCfg = Debug|Any CPU
		{6DCF1083-B8D6-438E-9FE9-C2E232000977}.Debug|x86.Build.0 = Debug|Any CPU
		{6DCF1083-B8D6-438E-9FE9-C2E232000977}.Release|Any CPU.ActiveCfg = Release|Any CPU
		{6DCF1083-B8D6-438E-9FE9-C2E232000977}.Release|Any CPU.Build.0 = Release|Any CPU
		{6DCF1083-B8D6-438E-9FE9-C2E232000977}.Release|x64.ActiveCfg = Release|Any CPU
		{6DCF1083-B8D6-438E-9FE9-C2E232000977}.Release|x64.Build.0 = Release|Any CPU
		{6DCF1083-B8D6-438E-9FE9-C2E232000977}.Release|x86.ActiveCfg = Release|Any CPU
		{6DCF1083-B8D6-438E-9FE9-C2E232000977}.Release|x86.Build.0 = Release|Any CPU
		{90628016-A72F-45AD-8B04-880A3F740637}.Debug|Any CPU.ActiveCfg = Debug|Any CPU
		{90628016-A72F-45AD-8B04-880A3F740637}.Debug|Any CPU.Build.0 = Debug|Any CPU
		{90628016-A72F-45AD-8B04-880A3F740637}.Debug|x64.ActiveCfg = Debug|Any CPU
		{90628016-A72F-45AD-8B04-880A3F740637}.Debug|x64.Build.0 = Debug|Any CPU
		{90628016-A72F-45AD-8B04-880A3F740637}.Debug|x86.ActiveCfg = Debug|Any CPU
		{90628016-A72F-45AD-8B04-880A3F740637}.Debug|x86.Build.0 = Debug|Any CPU
		{90628016-A72F-45AD-8B04-880A3F740637}.Release|Any CPU.ActiveCfg = Release|Any CPU
		{90628016-A72F-45AD-8B04-880A3F740637}.Release|Any CPU.Build.0 = Release|Any CPU
		{90628016-A72F-45AD-8B04-880A3F740637}.Release|x64.ActiveCfg = Release|Any CPU
		{90628016-A72F-45AD-8B04-880A3F740637}.Release|x64.Build.0 = Release|Any CPU
		{90628016-A72F-45AD-8B04-880A3F740637}.Release|x86.ActiveCfg = Release|Any CPU
		{90628016-A72F-45AD-8B04-880A3F740637}.Release|x86.Build.0 = Release|Any CPU
		{C3F5EB69-7012-4C52-A0C2-9D04F17B15F4}.Debug|Any CPU.ActiveCfg = Debug|Any CPU
		{C3F5EB69-7012-4C52-A0C2-9D04F17B15F4}.Debug|Any CPU.Build.0 = Debug|Any CPU
		{C3F5EB69-7012-4C52-A0C2-9D04F17B15F4}.Debug|x64.ActiveCfg = Debug|Any CPU
		{C3F5EB69-7012-4C52-A0C2-9D04F17B15F4}.Debug|x64.Build.0 = Debug|Any CPU
		{C3F5EB69-7012-4C52-A0C2-9D04F17B15F4}.Debug|x86.ActiveCfg = Debug|Any CPU
		{C3F5EB69-7012-4C52-A0C2-9D04F17B15F4}.Debug|x86.Build.0 = Debug|Any CPU
		{C3F5EB69-7012-4C52-A0C2-9D04F17B15F4}.Release|Any CPU.ActiveCfg = Release|Any CPU
		{C3F5EB69-7012-4C52-A0C2-9D04F17B15F4}.Release|Any CPU.Build.0 = Release|Any CPU
		{C3F5EB69-7012-4C52-A0C2-9D04F17B15F4}.Release|x64.ActiveCfg = Release|Any CPU
		{C3F5EB69-7012-4C52-A0C2-9D04F17B15F4}.Release|x64.Build.0 = Release|Any CPU
		{C3F5EB69-7012-4C52-A0C2-9D04F17B15F4}.Release|x86.ActiveCfg = Release|Any CPU
		{C3F5EB69-7012-4C52-A0C2-9D04F17B15F4}.Release|x86.Build.0 = Release|Any CPU
		{576E5B72-C9FF-4D0F-924D-A384AC87B04D}.Debug|Any CPU.ActiveCfg = Debug|Any CPU
		{576E5B72-C9FF-4D0F-924D-A384AC87B04D}.Debug|Any CPU.Build.0 = Debug|Any CPU
		{576E5B72-C9FF-4D0F-924D-A384AC87B04D}.Debug|x64.ActiveCfg = Debug|Any CPU
		{576E5B72-C9FF-4D0F-924D-A384AC87B04D}.Debug|x64.Build.0 = Debug|Any CPU
		{576E5B72-C9FF-4D0F-924D-A384AC87B04D}.Debug|x86.ActiveCfg = Debug|Any CPU
		{576E5B72-C9FF-4D0F-924D-A384AC87B04D}.Debug|x86.Build.0 = Debug|Any CPU
		{576E5B72-C9FF-4D0F-924D-A384AC87B04D}.Release|Any CPU.ActiveCfg = Release|Any CPU
		{576E5B72-C9FF-4D0F-924D-A384AC87B04D}.Release|Any CPU.Build.0 = Release|Any CPU
		{576E5B72-C9FF-4D0F-924D-A384AC87B04D}.Release|x64.ActiveCfg = Release|Any CPU
		{576E5B72-C9FF-4D0F-924D-A384AC87B04D}.Release|x64.Build.0 = Release|Any CPU
		{576E5B72-C9FF-4D0F-924D-A384AC87B04D}.Release|x86.ActiveCfg = Release|Any CPU
		{576E5B72-C9FF-4D0F-924D-A384AC87B04D}.Release|x86.Build.0 = Release|Any CPU
		{47E7C01D-477B-49AA-AE11-0B28B19F5F14}.Debug|Any CPU.ActiveCfg = Debug|Any CPU
		{47E7C01D-477B-49AA-AE11-0B28B19F5F14}.Debug|Any CPU.Build.0 = Debug|Any CPU
		{47E7C01D-477B-49AA-AE11-0B28B19F5F14}.Debug|x64.ActiveCfg = Debug|Any CPU
		{47E7C01D-477B-49AA-AE11-0B28B19F5F14}.Debug|x64.Build.0 = Debug|Any CPU
		{47E7C01D-477B-49AA-AE11-0B28B19F5F14}.Debug|x86.ActiveCfg = Debug|Any CPU
		{47E7C01D-477B-49AA-AE11-0B28B19F5F14}.Debug|x86.Build.0 = Debug|Any CPU
		{47E7C01D-477B-49AA-AE11-0B28B19F5F14}.Release|Any CPU.ActiveCfg = Release|Any CPU
		{47E7C01D-477B-49AA-AE11-0B28B19F5F14}.Release|Any CPU.Build.0 = Release|Any CPU
		{47E7C01D-477B-49AA-AE11-0B28B19F5F14}.Release|x64.ActiveCfg = Release|Any CPU
		{47E7C01D-477B-49AA-AE11-0B28B19F5F14}.Release|x64.Build.0 = Release|Any CPU
		{47E7C01D-477B-49AA-AE11-0B28B19F5F14}.Release|x86.ActiveCfg = Release|Any CPU
		{47E7C01D-477B-49AA-AE11-0B28B19F5F14}.Release|x86.Build.0 = Release|Any CPU
		{A651F963-91BF-4044-A0B9-F254720EEF4D}.Debug|Any CPU.ActiveCfg = Debug|Any CPU
		{A651F963-91BF-4044-A0B9-F254720EEF4D}.Debug|Any CPU.Build.0 = Debug|Any CPU
		{A651F963-91BF-4044-A0B9-F254720EEF4D}.Debug|x64.ActiveCfg = Debug|Any CPU
		{A651F963-91BF-4044-A0B9-F254720EEF4D}.Debug|x64.Build.0 = Debug|Any CPU
		{A651F963-91BF-4044-A0B9-F254720EEF4D}.Debug|x86.ActiveCfg = Debug|Any CPU
		{A651F963-91BF-4044-A0B9-F254720EEF4D}.Debug|x86.Build.0 = Debug|Any CPU
		{A651F963-91BF-4044-A0B9-F254720EEF4D}.Release|Any CPU.ActiveCfg = Release|Any CPU
		{A651F963-91BF-4044-A0B9-F254720EEF4D}.Release|Any CPU.Build.0 = Release|Any CPU
		{A651F963-91BF-4044-A0B9-F254720EEF4D}.Release|x64.ActiveCfg = Release|Any CPU
		{A651F963-91BF-4044-A0B9-F254720EEF4D}.Release|x64.Build.0 = Release|Any CPU
		{A651F963-91BF-4044-A0B9-F254720EEF4D}.Release|x86.ActiveCfg = Release|Any CPU
		{A651F963-91BF-4044-A0B9-F254720EEF4D}.Release|x86.Build.0 = Release|Any CPU
		{ADAE3167-E53F-418E-8157-DEA974E233C9}.Debug|Any CPU.ActiveCfg = Debug|Any CPU
		{ADAE3167-E53F-418E-8157-DEA974E233C9}.Debug|Any CPU.Build.0 = Debug|Any CPU
		{ADAE3167-E53F-418E-8157-DEA974E233C9}.Debug|x64.ActiveCfg = Debug|Any CPU
		{ADAE3167-E53F-418E-8157-DEA974E233C9}.Debug|x64.Build.0 = Debug|Any CPU
		{ADAE3167-E53F-418E-8157-DEA974E233C9}.Debug|x86.ActiveCfg = Debug|Any CPU
		{ADAE3167-E53F-418E-8157-DEA974E233C9}.Debug|x86.Build.0 = Debug|Any CPU
		{ADAE3167-E53F-418E-8157-DEA974E233C9}.Release|Any CPU.ActiveCfg = Release|Any CPU
		{ADAE3167-E53F-418E-8157-DEA974E233C9}.Release|Any CPU.Build.0 = Release|Any CPU
		{ADAE3167-E53F-418E-8157-DEA974E233C9}.Release|x64.ActiveCfg = Release|Any CPU
		{ADAE3167-E53F-418E-8157-DEA974E233C9}.Release|x64.Build.0 = Release|Any CPU
		{ADAE3167-E53F-418E-8157-DEA974E233C9}.Release|x86.ActiveCfg = Release|Any CPU
		{ADAE3167-E53F-418E-8157-DEA974E233C9}.Release|x86.Build.0 = Release|Any CPU
		{A8C71960-C11B-4A8A-9FB0-5485EAF2983A}.Debug|Any CPU.ActiveCfg = Debug|Any CPU
		{A8C71960-C11B-4A8A-9FB0-5485EAF2983A}.Debug|Any CPU.Build.0 = Debug|Any CPU
		{A8C71960-C11B-4A8A-9FB0-5485EAF2983A}.Debug|x64.ActiveCfg = Debug|Any CPU
		{A8C71960-C11B-4A8A-9FB0-5485EAF2983A}.Debug|x64.Build.0 = Debug|Any CPU
		{A8C71960-C11B-4A8A-9FB0-5485EAF2983A}.Debug|x86.ActiveCfg = Debug|Any CPU
		{A8C71960-C11B-4A8A-9FB0-5485EAF2983A}.Debug|x86.Build.0 = Debug|Any CPU
		{A8C71960-C11B-4A8A-9FB0-5485EAF2983A}.Release|Any CPU.ActiveCfg = Release|Any CPU
		{A8C71960-C11B-4A8A-9FB0-5485EAF2983A}.Release|Any CPU.Build.0 = Release|Any CPU
		{A8C71960-C11B-4A8A-9FB0-5485EAF2983A}.Release|x64.ActiveCfg = Release|Any CPU
		{A8C71960-C11B-4A8A-9FB0-5485EAF2983A}.Release|x64.Build.0 = Release|Any CPU
		{A8C71960-C11B-4A8A-9FB0-5485EAF2983A}.Release|x86.ActiveCfg = Release|Any CPU
		{A8C71960-C11B-4A8A-9FB0-5485EAF2983A}.Release|x86.Build.0 = Release|Any CPU
	EndGlobalSection
	GlobalSection(NestedProjects) = preSolution
		{C3F5EB69-7012-4C52-A0C2-9D04F17B15F4} = {54D5B5DA-0610-4AF6-A6DC-80F251483BC2}
		{576E5B72-C9FF-4D0F-924D-A384AC87B04D} = {54D5B5DA-0610-4AF6-A6DC-80F251483BC2}
		{47E7C01D-477B-49AA-AE11-0B28B19F5F14} = {54D5B5DA-0610-4AF6-A6DC-80F251483BC2}
		{ADAE3167-E53F-418E-8157-DEA974E233C9} = {54D5B5DA-0610-4AF6-A6DC-80F251483BC2}
	EndGlobalSection
EndGlobal
