
Microsoft Visual Studio Solution File, Format Version 12.00
# Visual Studio 15
VisualStudioVersion = 15.0.26124.0
MinimumVisualStudioVersion = 15.0.26124.0
Project("{F2A71F9B-5D33-465A-A702-920D77279786}") = "dbcreate", "dbcreate\dbcreate.fsproj", "{87CD980A-37E2-495C-955D-7B62D1F8AB5B}"
EndProject
Project("{FAE04EC0-301F-11D3-BF4B-00C04F79EFBC}") = "Cricinfo.Api", "Cricinfo.Api\Cricinfo.Api.csproj", "{4C3594AC-3B22-49FF-A0BD-1096A49FF792}"
EndProject
Project("{FAE04EC0-301F-11D3-BF4B-00C04F79EFBC}") = "Cricinfo.Api.Unit.Tests", "Cricinfo.Api.Unit.Tests\Cricinfo.Api.Unit.Tests.csproj", "{2D1407DB-AB8B-4B62-B56A-24F1E25B3598}"
EndProject
Project("{F2A71F9B-5D33-465A-A702-920D77279786}") = "Cricinfo.Parser", "Cricinfo.Parser\Cricinfo.Parser.fsproj", "{16D1F57F-DF96-4817-BF28-1BEA0620A1C9}"
EndProject
Project("{FAE04EC0-301F-11D3-BF4B-00C04F79EFBC}") = "Cricinfo.Parser.Unit.Tests", "Cricinfo.Parser.Unit.Tests\Cricinfo.Parser.Unit.Tests.csproj", "{F934BB99-D59A-4B3C-91B4-3149659CA8DF}"
EndProject
Project("{FAE04EC0-301F-11D3-BF4B-00C04F79EFBC}") = "Cricinfo.Api.Client", "Cricinfo.Api.Client\Cricinfo.Api.Client.csproj", "{DEB36315-9733-45A5-A85C-43F5B45611C4}"
EndProject
Global
	GlobalSection(SolutionConfigurationPlatforms) = preSolution
		Debug|Any CPU = Debug|Any CPU
		Debug|x64 = Debug|x64
		Debug|x86 = Debug|x86
		Release|Any CPU = Release|Any CPU
		Release|x64 = Release|x64
		Release|x86 = Release|x86
	EndGlobalSection
	GlobalSection(SolutionProperties) = preSolution
		HideSolutionNode = FALSE
	EndGlobalSection
	GlobalSection(ProjectConfigurationPlatforms) = postSolution
		{87CD980A-37E2-495C-955D-7B62D1F8AB5B}.Debug|Any CPU.ActiveCfg = Debug|Any CPU
		{87CD980A-37E2-495C-955D-7B62D1F8AB5B}.Debug|Any CPU.Build.0 = Debug|Any CPU
		{87CD980A-37E2-495C-955D-7B62D1F8AB5B}.Debug|x64.ActiveCfg = Debug|Any CPU
		{87CD980A-37E2-495C-955D-7B62D1F8AB5B}.Debug|x64.Build.0 = Debug|Any CPU
		{87CD980A-37E2-495C-955D-7B62D1F8AB5B}.Debug|x86.ActiveCfg = Debug|Any CPU
		{87CD980A-37E2-495C-955D-7B62D1F8AB5B}.Debug|x86.Build.0 = Debug|Any CPU
		{87CD980A-37E2-495C-955D-7B62D1F8AB5B}.Release|Any CPU.ActiveCfg = Release|Any CPU
		{87CD980A-37E2-495C-955D-7B62D1F8AB5B}.Release|Any CPU.Build.0 = Release|Any CPU
		{87CD980A-37E2-495C-955D-7B62D1F8AB5B}.Release|x64.ActiveCfg = Release|Any CPU
		{87CD980A-37E2-495C-955D-7B62D1F8AB5B}.Release|x64.Build.0 = Release|Any CPU
		{87CD980A-37E2-495C-955D-7B62D1F8AB5B}.Release|x86.ActiveCfg = Release|Any CPU
		{87CD980A-37E2-495C-955D-7B62D1F8AB5B}.Release|x86.Build.0 = Release|Any CPU
		{4C3594AC-3B22-49FF-A0BD-1096A49FF792}.Debug|Any CPU.ActiveCfg = Debug|Any CPU
		{4C3594AC-3B22-49FF-A0BD-1096A49FF792}.Debug|Any CPU.Build.0 = Debug|Any CPU
		{4C3594AC-3B22-49FF-A0BD-1096A49FF792}.Debug|x64.ActiveCfg = Debug|Any CPU
		{4C3594AC-3B22-49FF-A0BD-1096A49FF792}.Debug|x64.Build.0 = Debug|Any CPU
		{4C3594AC-3B22-49FF-A0BD-1096A49FF792}.Debug|x86.ActiveCfg = Debug|Any CPU
		{4C3594AC-3B22-49FF-A0BD-1096A49FF792}.Debug|x86.Build.0 = Debug|Any CPU
		{4C3594AC-3B22-49FF-A0BD-1096A49FF792}.Release|Any CPU.ActiveCfg = Release|Any CPU
		{4C3594AC-3B22-49FF-A0BD-1096A49FF792}.Release|Any CPU.Build.0 = Release|Any CPU
		{4C3594AC-3B22-49FF-A0BD-1096A49FF792}.Release|x64.ActiveCfg = Release|Any CPU
		{4C3594AC-3B22-49FF-A0BD-1096A49FF792}.Release|x64.Build.0 = Release|Any CPU
		{4C3594AC-3B22-49FF-A0BD-1096A49FF792}.Release|x86.ActiveCfg = Release|Any CPU
		{4C3594AC-3B22-49FF-A0BD-1096A49FF792}.Release|x86.Build.0 = Release|Any CPU
		{2D1407DB-AB8B-4B62-B56A-24F1E25B3598}.Debug|Any CPU.ActiveCfg = Debug|Any CPU
		{2D1407DB-AB8B-4B62-B56A-24F1E25B3598}.Debug|Any CPU.Build.0 = Debug|Any CPU
		{2D1407DB-AB8B-4B62-B56A-24F1E25B3598}.Debug|x64.ActiveCfg = Debug|Any CPU
		{2D1407DB-AB8B-4B62-B56A-24F1E25B3598}.Debug|x64.Build.0 = Debug|Any CPU
		{2D1407DB-AB8B-4B62-B56A-24F1E25B3598}.Debug|x86.ActiveCfg = Debug|Any CPU
		{2D1407DB-AB8B-4B62-B56A-24F1E25B3598}.Debug|x86.Build.0 = Debug|Any CPU
		{2D1407DB-AB8B-4B62-B56A-24F1E25B3598}.Release|Any CPU.ActiveCfg = Release|Any CPU
		{2D1407DB-AB8B-4B62-B56A-24F1E25B3598}.Release|Any CPU.Build.0 = Release|Any CPU
		{2D1407DB-AB8B-4B62-B56A-24F1E25B3598}.Release|x64.ActiveCfg = Release|Any CPU
		{2D1407DB-AB8B-4B62-B56A-24F1E25B3598}.Release|x64.Build.0 = Release|Any CPU
		{2D1407DB-AB8B-4B62-B56A-24F1E25B3598}.Release|x86.ActiveCfg = Release|Any CPU
		{2D1407DB-AB8B-4B62-B56A-24F1E25B3598}.Release|x86.Build.0 = Release|Any CPU
		{16D1F57F-DF96-4817-BF28-1BEA0620A1C9}.Debug|Any CPU.ActiveCfg = Debug|Any CPU
		{16D1F57F-DF96-4817-BF28-1BEA0620A1C9}.Debug|Any CPU.Build.0 = Debug|Any CPU
		{16D1F57F-DF96-4817-BF28-1BEA0620A1C9}.Debug|x64.ActiveCfg = Debug|Any CPU
		{16D1F57F-DF96-4817-BF28-1BEA0620A1C9}.Debug|x64.Build.0 = Debug|Any CPU
		{16D1F57F-DF96-4817-BF28-1BEA0620A1C9}.Debug|x86.ActiveCfg = Debug|Any CPU
		{16D1F57F-DF96-4817-BF28-1BEA0620A1C9}.Debug|x86.Build.0 = Debug|Any CPU
		{16D1F57F-DF96-4817-BF28-1BEA0620A1C9}.Release|Any CPU.ActiveCfg = Release|Any CPU
		{16D1F57F-DF96-4817-BF28-1BEA0620A1C9}.Release|Any CPU.Build.0 = Release|Any CPU
		{16D1F57F-DF96-4817-BF28-1BEA0620A1C9}.Release|x64.ActiveCfg = Release|Any CPU
		{16D1F57F-DF96-4817-BF28-1BEA0620A1C9}.Release|x64.Build.0 = Release|Any CPU
		{16D1F57F-DF96-4817-BF28-1BEA0620A1C9}.Release|x86.ActiveCfg = Release|Any CPU
		{16D1F57F-DF96-4817-BF28-1BEA0620A1C9}.Release|x86.Build.0 = Release|Any CPU
		{F934BB99-D59A-4B3C-91B4-3149659CA8DF}.Debug|Any CPU.ActiveCfg = Debug|Any CPU
		{F934BB99-D59A-4B3C-91B4-3149659CA8DF}.Debug|Any CPU.Build.0 = Debug|Any CPU
		{F934BB99-D59A-4B3C-91B4-3149659CA8DF}.Debug|x64.ActiveCfg = Debug|Any CPU
		{F934BB99-D59A-4B3C-91B4-3149659CA8DF}.Debug|x64.Build.0 = Debug|Any CPU
		{F934BB99-D59A-4B3C-91B4-3149659CA8DF}.Debug|x86.ActiveCfg = Debug|Any CPU
		{F934BB99-D59A-4B3C-91B4-3149659CA8DF}.Debug|x86.Build.0 = Debug|Any CPU
		{F934BB99-D59A-4B3C-91B4-3149659CA8DF}.Release|Any CPU.ActiveCfg = Release|Any CPU
		{F934BB99-D59A-4B3C-91B4-3149659CA8DF}.Release|Any CPU.Build.0 = Release|Any CPU
		{F934BB99-D59A-4B3C-91B4-3149659CA8DF}.Release|x64.ActiveCfg = Release|Any CPU
		{F934BB99-D59A-4B3C-91B4-3149659CA8DF}.Release|x64.Build.0 = Release|Any CPU
		{F934BB99-D59A-4B3C-91B4-3149659CA8DF}.Release|x86.ActiveCfg = Release|Any CPU
		{F934BB99-D59A-4B3C-91B4-3149659CA8DF}.Release|x86.Build.0 = Release|Any CPU
		{DEB36315-9733-45A5-A85C-43F5B45611C4}.Debug|Any CPU.ActiveCfg = Debug|Any CPU
		{DEB36315-9733-45A5-A85C-43F5B45611C4}.Debug|Any CPU.Build.0 = Debug|Any CPU
		{DEB36315-9733-45A5-A85C-43F5B45611C4}.Debug|x64.ActiveCfg = Debug|Any CPU
		{DEB36315-9733-45A5-A85C-43F5B45611C4}.Debug|x64.Build.0 = Debug|Any CPU
		{DEB36315-9733-45A5-A85C-43F5B45611C4}.Debug|x86.ActiveCfg = Debug|Any CPU
		{DEB36315-9733-45A5-A85C-43F5B45611C4}.Debug|x86.Build.0 = Debug|Any CPU
		{DEB36315-9733-45A5-A85C-43F5B45611C4}.Release|Any CPU.ActiveCfg = Release|Any CPU
		{DEB36315-9733-45A5-A85C-43F5B45611C4}.Release|Any CPU.Build.0 = Release|Any CPU
		{DEB36315-9733-45A5-A85C-43F5B45611C4}.Release|x64.ActiveCfg = Release|Any CPU
		{DEB36315-9733-45A5-A85C-43F5B45611C4}.Release|x64.Build.0 = Release|Any CPU
		{DEB36315-9733-45A5-A85C-43F5B45611C4}.Release|x86.ActiveCfg = Release|Any CPU
		{DEB36315-9733-45A5-A85C-43F5B45611C4}.Release|x86.Build.0 = Release|Any CPU
	EndGlobalSection
EndGlobal
